
Microsoft Visual Studio Solution File, Format Version 12.00
# Visual Studio 15
VisualStudioVersion = 15.0.27703.2042
MinimumVisualStudioVersion = 10.0.40219.1
Project("{9A19103F-16F7-4668-BE54-9A1E7A4F7556}") = "TexasTitleCalc.WEB", "TexasTitleCalc.WEB\TexasTitleCalc.WEB.csproj", "{9F190D17-E89B-4D3A-AB81-0039F641E2E3}"
EndProject
Project("{9A19103F-16F7-4668-BE54-9A1E7A4F7556}") = "TexasTitleCalc.API", "TexasTitleCalc.API\TexasTitleCalc.API.csproj", "{15A00E64-D393-4517-8AA5-42550BD6E12D}"
EndProject
Global
	GlobalSection(SolutionConfigurationPlatforms) = preSolution
		Debug|Any CPU = Debug|Any CPU
		Release|Any CPU = Release|Any CPU
	EndGlobalSection
	GlobalSection(ProjectConfigurationPlatforms) = postSolution
		{9F190D17-E89B-4D3A-AB81-0039F641E2E3}.Debug|Any CPU.ActiveCfg = Debug|Any CPU
		{9F190D17-E89B-4D3A-AB81-0039F641E2E3}.Debug|Any CPU.Build.0 = Debug|Any CPU
		{9F190D17-E89B-4D3A-AB81-0039F641E2E3}.Release|Any CPU.ActiveCfg = Release|Any CPU
		{9F190D17-E89B-4D3A-AB81-0039F641E2E3}.Release|Any CPU.Build.0 = Release|Any CPU
		{15A00E64-D393-4517-8AA5-42550BD6E12D}.Debug|Any CPU.ActiveCfg = Debug|Any CPU
		{15A00E64-D393-4517-8AA5-42550BD6E12D}.Debug|Any CPU.Build.0 = Debug|Any CPU
		{15A00E64-D393-4517-8AA5-42550BD6E12D}.Release|Any CPU.ActiveCfg = Release|Any CPU
		{15A00E64-D393-4517-8AA5-42550BD6E12D}.Release|Any CPU.Build.0 = Release|Any CPU
	EndGlobalSection
	GlobalSection(SolutionProperties) = preSolution
		HideSolutionNode = FALSE
	EndGlobalSection
	GlobalSection(ExtensibilityGlobals) = postSolution
		SolutionGuid = {A093DB3D-6820-4972-8561-BDBD727FDC85}
	EndGlobalSection
EndGlobal
